<?xml version="1.0" encoding="utf-8"?>
<Project ToolsVersion="4.0" xmlns="http://schemas.microsoft.com/developer/msbuild/2003">
  <ItemGroup>
    <Filter Include="Source Files">
      <UniqueIdentifier>{4FC737F1-C7A5-4376-A066-2A32D752A2FF}</UniqueIdentifier>
      <Extensions>cpp;c;cc;cxx;c++;cppm;ixx;def;odl;idl;hpj;bat;asm;asmx</Extensions>
    </Filter>
    <Filter Include="Header Files">
      <UniqueIdentifier>{93995380-89BD-4b04-88EB-625FBE52EBFB}</UniqueIdentifier>
      <Extensions>h;hh;hpp;hxx;h++;hm;inl;inc;ipp;xsd</Extensions>
    </Filter>
    <Filter Include="Header Files\Primtive">
      <UniqueIdentifier>{b1864801-093b-415f-a396-615519498a7b}</UniqueIdentifier>
    </Filter>
    <Filter Include="Source Files\Primitive">
      <UniqueIdentifier>{21c9c0c9-aa52-4096-8c90-da17ccda970a}</UniqueIdentifier>
    </Filter>
  </ItemGroup>
  <ItemGroup>
    <ClCompile Include="main.cpp">
      <Filter>Source Files</Filter>
    </ClCompile>
    <ClCompile Include="renderer.cpp">
      <Filter>Source Files</Filter>
    </ClCompile>
    <ClCompile Include="camera.cpp">
      <Filter>Source Files</Filter>
    </ClCompile>
    <ClCompile Include="scene.cpp">
      <Filter>Source Files</Filter>
    </ClCompile>
    <ClCompile Include="ray.cpp">
      <Filter>Source Files</Filter>
    </ClCompile>
    <ClCompile Include="precomp.cpp">
      <Filter>Source Files</Filter>
    </ClCompile>
    <ClCompile Include="objects.cpp">
      <Filter>Source Files\Primitive</Filter>
    </ClCompile>
    <ClCompile Include="plane.cpp">
      <Filter>Source Files\Primitive</Filter>
    </ClCompile>
    <ClCompile Include="sphere.cpp">
      <Filter>Source Files\Primitive</Filter>
    </ClCompile>
    <ClCompile Include="material.cpp">
      <Filter>Source Files</Filter>
    </ClCompile>
    <ClCompile Include="BVHNode.cpp">
      <Filter>Source Files</Filter>
    </ClCompile>
    <ClCompile Include="BVH.cpp">
      <Filter>Source Files</Filter>
    </ClCompile>
  </ItemGroup>
  <ItemGroup>
    <ClInclude Include="Header\precomp.h">
      <Filter>Header Files</Filter>
    </ClInclude>
    <ClInclude Include="Header\renderer.h">
      <Filter>Header Files</Filter>
    </ClInclude>
    <ClInclude Include="Header\camera.h">
      <Filter>Header Files</Filter>
    </ClInclude>
    <ClInclude Include="Header\scene.h">
      <Filter>Header Files</Filter>
    </ClInclude>
    <ClInclude Include="Header\ray.h">
      <Filter>Header Files</Filter>
    </ClInclude>
    <ClInclude Include="Header\datastructure.h">
      <Filter>Header Files</Filter>
    </ClInclude>
    <ClInclude Include="Header\objects.h">
      <Filter>Header Files\Primtive</Filter>
    </ClInclude>
    <ClInclude Include="Header\Primitive\plane.h">
      <Filter>Header Files\Primtive</Filter>
    </ClInclude>
    <ClInclude Include="Header\Primitive\sphere.h">
      <Filter>Header Files\Primtive</Filter>
    </ClInclude>
    <ClInclude Include="Header\material.h">
      <Filter>Header Files</Filter>
    </ClInclude>
    <ClInclude Include="Header\BVH.h">
      <Filter>Header Files</Filter>
    </ClInclude>
    <ClInclude Include="Header\BVHNode.h">
      <Filter>Header Files</Filter>
    </ClInclude>
    <ClInclude Include="Header\AABB.h">
      <Filter>Header Files</Filter>
    </ClInclude>
  </ItemGroup>
</Project>